
Microsoft Visual Studio Solution File, Format Version 12.00
# Visual Studio Version 16
VisualStudioVersion = 16.0.28917.181
MinimumVisualStudioVersion = 10.0.40219.1
Project("{9A19103F-16F7-4668-BE54-9A1E7A4F7556}") = "CodeWars", "CodeWars\CodeWars.csproj", "{8BF0CE2C-6CEB-4559-91DB-5C75B124431D}"
EndProject
Project("{FAE04EC0-301F-11D3-BF4B-00C04F79EFBC}") = "CodeWars.UnitTests", "CodeWars.UnitTests\CodeWars.UnitTests.csproj", "{FB6087B5-AE1F-446B-AE69-A0378076C1C4}"
EndProject
Global
	GlobalSection(SolutionConfigurationPlatforms) = preSolution
		Debug|Any CPU = Debug|Any CPU
		Release|Any CPU = Release|Any CPU
	EndGlobalSection
	GlobalSection(ProjectConfigurationPlatforms) = postSolution
		{8BF0CE2C-6CEB-4559-91DB-5C75B124431D}.Debug|Any CPU.ActiveCfg = Debug|Any CPU
		{8BF0CE2C-6CEB-4559-91DB-5C75B124431D}.Debug|Any CPU.Build.0 = Debug|Any CPU
		{8BF0CE2C-6CEB-4559-91DB-5C75B124431D}.Release|Any CPU.ActiveCfg = Release|Any CPU
		{8BF0CE2C-6CEB-4559-91DB-5C75B124431D}.Release|Any CPU.Build.0 = Release|Any CPU
		{FB6087B5-AE1F-446B-AE69-A0378076C1C4}.Debug|Any CPU.ActiveCfg = Debug|Any CPU
		{FB6087B5-AE1F-446B-AE69-A0378076C1C4}.Debug|Any CPU.Build.0 = Debug|Any CPU
		{FB6087B5-AE1F-446B-AE69-A0378076C1C4}.Release|Any CPU.ActiveCfg = Release|Any CPU
		{FB6087B5-AE1F-446B-AE69-A0378076C1C4}.Release|Any CPU.Build.0 = Release|Any CPU
	EndGlobalSection
	GlobalSection(SolutionProperties) = preSolution
		HideSolutionNode = FALSE
	EndGlobalSection
	GlobalSection(ExtensibilityGlobals) = postSolution
		SolutionGuid = {246B0992-4215-4110-9D2C-DAFFE5A49137}
	EndGlobalSection
EndGlobal
